<?xml version="1.0" encoding="utf-8"?>
<Project ToolsVersion="4.0" xmlns="http://schemas.microsoft.com/developer/msbuild/2003">
  <ItemGroup>
    <Filter Include="Source Files">
      <UniqueIdentifier>{da88358e-ed81-4b81-8824-0381ab2ee62a}</UniqueIdentifier>
      <Extensions>cpp;c;cxx;rc;def;r;odl;idl;hpj;bat</Extensions>
    </Filter>
    <Filter Include="Header Files">
      <UniqueIdentifier>{1d471974-17ad-4d92-8ef6-e8f1a30d7f7a}</UniqueIdentifier>
      <Extensions>h;hpp;hxx;hm;inl</Extensions>
    </Filter>
    <Filter Include="Resource Files">
      <UniqueIdentifier>{b1b22780-1804-47a5-b63a-8060b4564588}</UniqueIdentifier>
      <Extensions>ico;cur;bmp;dlg;rc2;rct;bin;rgs;gif;jpg;jpeg;jpe</Extensions>
    </Filter>
    <Filter Include="Library">
      <UniqueIdentifier>{bdd5c1cb-b558-4c65-8f5c-5d1cc18747b0}</UniqueIdentifier>
    </Filter>
    <Filter Include="Library\debug">
      <UniqueIdentifier>{50942039-44b9-4962-8cb1-b3bccba83096}</UniqueIdentifier>
    </Filter>
    <Filter Include="Library\release">
      <UniqueIdentifier>{55c478f9-0b17-414f-895b-58f624cbc414}</UniqueIdentifier>
    </Filter>
    <Filter Include="KTONG">
      <UniqueIdentifier>{e58e45ae-a64c-4075-8770-01713006fc97}</UniqueIdentifier>
    </Filter>
    <Filter Include="ProtocolHeaderFiles">
      <UniqueIdentifier>{e8490913-6221-4e59-b2ef-1ab956aabe51}</UniqueIdentifier>
    </Filter>
    <Filter Include="SQL">
      <UniqueIdentifier>{fd315083-b7f8-450a-8623-7b6c4d4f881d}</UniqueIdentifier>
    </Filter>
  </ItemGroup>
  <ItemGroup>
    <ClCompile Include="ChannelMgr.cpp">
      <Filter>Source Files</Filter>
    </ClCompile>
    <ClCompile Include="ChatConnect.cpp">
      <Filter>Source Files</Filter>
    </ClCompile>
    <ClCompile Include="ChatServer.cpp">
      <Filter>Source Files</Filter>
    </ClCompile>
    <ClCompile Include="DBConnect.cpp">
      <Filter>Source Files</Filter>
    </ClCompile>
    <ClCompile Include="DBTable.cpp">
      <Filter>Source Files</Filter>
    </ClCompile>
    <ClCompile Include="DealRelay.cpp">
      <Filter>Source Files</Filter>
    </ClCompile>
    <ClCompile Include="DoScript.cpp">
      <Filter>Source Files</Filter>
    </ClCompile>
    <ClCompile Include="FilterTextLib.cpp">
      <Filter>Source Files</Filter>
    </ClCompile>
    <ClCompile Include="FriendMgr.cpp">
      <Filter>Source Files</Filter>
    </ClCompile>
    <ClCompile Include="GatewayCenter.cpp">
      <Filter>Source Files</Filter>
    </ClCompile>
    <ClCompile Include="GatewayClient.cpp">
      <Filter>Source Files</Filter>
    </ClCompile>
    <ClCompile Include="Global.cpp">
      <Filter>Source Files</Filter>
    </ClCompile>
    <ClCompile Include="MSSQL\GlobalFun.cpp">
      <Filter>Source Files</Filter>
    </ClCompile>
    <ClCompile Include="HeavenLib.cpp">
      <Filter>Source Files</Filter>
    </ClCompile>
    <ClCompile Include="HostConnect.cpp">
      <Filter>Source Files</Filter>
    </ClCompile>
    <ClCompile Include="HostServer.cpp">
      <Filter>Source Files</Filter>
    </ClCompile>
    <ClCompile Include="KThread.cpp">
      <Filter>Source Files</Filter>
    </ClCompile>
    <ClCompile Include="Lock.cpp">
      <Filter>Source Files</Filter>
    </ClCompile>
    <ClCompile Include="LogFile.cpp">
      <Filter>Source Files</Filter>
    </ClCompile>
    <ClCompile Include="Memory.cpp">
      <Filter>Source Files</Filter>
    </ClCompile>
    <ClCompile Include="NetCenter.cpp">
      <Filter>Source Files</Filter>
    </ClCompile>
    <ClCompile Include="NetClient.cpp">
      <Filter>Source Files</Filter>
    </ClCompile>
    <ClCompile Include="NetConnect.cpp">
      <Filter>Source Files</Filter>
    </ClCompile>
    <ClCompile Include="NetServer.cpp">
      <Filter>Source Files</Filter>
    </ClCompile>
    <ClCompile Include="NetSockDupEx.cpp">
      <Filter>Source Files</Filter>
    </ClCompile>
    <ClCompile Include="RainbowLib.cpp">
      <Filter>Source Files</Filter>
    </ClCompile>
    <ClCompile Include="RelayCenter.cpp">
      <Filter>Source Files</Filter>
    </ClCompile>
    <ClCompile Include="RelayClient.cpp">
      <Filter>Source Files</Filter>
    </ClCompile>
    <ClCompile Include="RelayConnect.cpp">
      <Filter>Source Files</Filter>
    </ClCompile>
    <ClCompile Include="RelayServer.cpp">
      <Filter>Source Files</Filter>
    </ClCompile>
    <ClCompile Include="RootCenter.cpp">
      <Filter>Source Files</Filter>
    </ClCompile>
    <ClCompile Include="RootClient.cpp">
      <Filter>Source Files</Filter>
    </ClCompile>
    <ClCompile Include="MSSQL\S3P_MSSQLServer_Result.cpp">
      <Filter>Source Files</Filter>
    </ClCompile>
    <ClCompile Include="MSSQL\S3PDB_MSSQLServer_Connection.cpp">
      <Filter>Source Files</Filter>
    </ClCompile>
    <ClCompile Include="MSSQL\S3PDBConVBC.cpp">
      <Filter>Source Files</Filter>
    </ClCompile>
    <ClCompile Include="MSSQL\S3PResultVBC.cpp">
      <Filter>Source Files</Filter>
    </ClCompile>
    <ClCompile Include="S3Relay.cpp">
      <Filter>Source Files</Filter>
    </ClCompile>
    <ClCompile Include="SockThread.cpp">
      <Filter>Source Files</Filter>
    </ClCompile>
    <ClCompile Include="StdAfx.cpp">
      <Filter>Source Files</Filter>
    </ClCompile>
    <ClCompile Include="TongConnect.cpp">
      <Filter>Source Files</Filter>
    </ClCompile>
    <ClCompile Include="TongServer.cpp">
      <Filter>Source Files</Filter>
    </ClCompile>
    <ClCompile Include="KTongControl.cpp">
      <Filter>KTONG</Filter>
    </ClCompile>
    <ClCompile Include="KTongSet.cpp">
      <Filter>KTONG</Filter>
    </ClCompile>
    <ClCompile Include="TONGDB.CPP">
      <Filter>KTONG</Filter>
    </ClCompile>
  </ItemGroup>
  <ItemGroup>
    <ResourceCompile Include="S3Relay.rc">
      <Filter>Source Files</Filter>
    </ResourceCompile>
  </ItemGroup>
  <ItemGroup>
    <ClInclude Include="ChannelMgr.h">
      <Filter>Header Files</Filter>
    </ClInclude>
    <ClInclude Include="ChatConnect.h">
      <Filter>Header Files</Filter>
    </ClInclude>
    <ClInclude Include="ChatServer.h">
      <Filter>Header Files</Filter>
    </ClInclude>
    <ClInclude Include="MSSQL\ConnectDef.h">
      <Filter>Header Files</Filter>
    </ClInclude>
    <ClInclude Include="DBConnect.h">
      <Filter>Header Files</Filter>
    </ClInclude>
    <ClInclude Include="DBTable.h">
      <Filter>Header Files</Filter>
    </ClInclude>
    <ClInclude Include="DealRelay.h">
      <Filter>Header Files</Filter>
    </ClInclude>
    <ClInclude Include="DoScript.h">
      <Filter>Header Files</Filter>
    </ClInclude>
    <ClInclude Include="FilterTextLib.h">
      <Filter>Header Files</Filter>
    </ClInclude>
    <ClInclude Include="FriendMgr.h">
      <Filter>Header Files</Filter>
    </ClInclude>
    <ClInclude Include="GatewayCenter.h">
      <Filter>Header Files</Filter>
    </ClInclude>
    <ClInclude Include="GatewayClient.h">
      <Filter>Header Files</Filter>
    </ClInclude>
    <ClInclude Include="Global.h">
      <Filter>Header Files</Filter>
    </ClInclude>
    <ClInclude Include="MSSQL\GlobalFun.h">
      <Filter>Header Files</Filter>
    </ClInclude>
    <ClInclude Include="HeavenLib.h">
      <Filter>Header Files</Filter>
    </ClInclude>
    <ClInclude Include="HostConnect.h">
      <Filter>Header Files</Filter>
    </ClInclude>
    <ClInclude Include="HostServer.h">
      <Filter>Header Files</Filter>
    </ClInclude>
    <ClInclude Include="KThread.h">
      <Filter>Header Files</Filter>
    </ClInclude>
    <ClInclude Include="Lock.h">
      <Filter>Header Files</Filter>
    </ClInclude>
    <ClInclude Include="LogFile.h">
      <Filter>Header Files</Filter>
    </ClInclude>
    <ClInclude Include="Memory.h">
      <Filter>Header Files</Filter>
    </ClInclude>
    <ClInclude Include="NetCenter.h">
      <Filter>Header Files</Filter>
    </ClInclude>
    <ClInclude Include="NetClient.h">
      <Filter>Header Files</Filter>
    </ClInclude>
    <ClInclude Include="NetConnect.h">
      <Filter>Header Files</Filter>
    </ClInclude>
    <ClInclude Include="NetServer.h">
      <Filter>Header Files</Filter>
    </ClInclude>
    <ClInclude Include="NetSockDupEx.h">
      <Filter>Header Files</Filter>
    </ClInclude>
    <ClInclude Include="RainbowLib.h">
      <Filter>Header Files</Filter>
    </ClInclude>
    <ClInclude Include="RelayCenter.h">
      <Filter>Header Files</Filter>
    </ClInclude>
    <ClInclude Include="RelayClient.h">
      <Filter>Header Files</Filter>
    </ClInclude>
    <ClInclude Include="RelayConnect.h">
      <Filter>Header Files</Filter>
    </ClInclude>
    <ClInclude Include="RelayServer.h">
      <Filter>Header Files</Filter>
    </ClInclude>
    <ClInclude Include="resource.h">
      <Filter>Header Files</Filter>
    </ClInclude>
    <ClInclude Include="RootCenter.h">
      <Filter>Header Files</Filter>
    </ClInclude>
    <ClInclude Include="RootClient.h">
      <Filter>Header Files</Filter>
    </ClInclude>
    <ClInclude Include="MSSQL\S3P_MSSQLServer_Result.h">
      <Filter>Header Files</Filter>
    </ClInclude>
    <ClInclude Include="MSSQL\S3PDB_MSSQLServer_Connection.h">
      <Filter>Header Files</Filter>
    </ClInclude>
    <ClInclude Include="MSSQL\S3PDBConVBC.h">
      <Filter>Header Files</Filter>
    </ClInclude>
    <ClInclude Include="MSSQL\S3PResultVBC.h">
      <Filter>Header Files</Filter>
    </ClInclude>
    <ClInclude Include="S3Relay.h">
      <Filter>Header Files</Filter>
    </ClInclude>
    <ClInclude Include="SockThread.h">
      <Filter>Header Files</Filter>
    </ClInclude>
    <ClInclude Include="StdAfx.h">
      <Filter>Header Files</Filter>
    </ClInclude>
    <ClInclude Include="TongConnect.h">
      <Filter>Header Files</Filter>
    </ClInclude>
    <ClInclude Include="TongServer.h">
      <Filter>Header Files</Filter>
    </ClInclude>
    <ClInclude Include="KTongControl.h">
      <Filter>KTONG</Filter>
    </ClInclude>
    <ClInclude Include="KTongSet.h">
      <Filter>KTONG</Filter>
    </ClInclude>
    <ClInclude Include="TONGDB.H">
      <Filter>KTONG</Filter>
    </ClInclude>
    <ClInclude Include="..\..\..\Headers\KRelayProtocol.h">
      <Filter>ProtocolHeaderFiles</Filter>
    </ClInclude>
    <ClInclude Include="..\..\..\Headers\KTongProtocol.h">
      <Filter>ProtocolHeaderFiles</Filter>
    </ClInclude>
  </ItemGroup>
  <ItemGroup>
    <Image Include="S3Relay.ico">
      <Filter>Resource Files</Filter>
    </Image>
    <Image Include="small.ico">
      <Filter>Resource Files</Filter>
    </Image>
  </ItemGroup>
  <ItemGroup>
    <Library Include="..\..\..\Lib\debug\engine.lib">
      <Filter>Library\debug</Filter>
    </Library>
    <Library Include="..\..\..\Lib\release\engine.lib">
      <Filter>Library\release</Filter>
    </Library>
    <Library Include="..\Goddess\libdb181sd.lib">
      <Filter>Library</Filter>
    </Library>
    <Library Include="..\..\..\Lib\LuaLibDll.lib">
      <Filter>Library\debug</Filter>
    </Library>
  </ItemGroup>
  <ItemGroup>
    <Text Include="ReadMe.txt" />
  </ItemGroup>
  <ItemGroup>
    <None Include="..\..\..\Lib\LuaLibDll.dll" />
  </ItemGroup>
</Project>