<?xml version="1.0" encoding="utf-8"?>
<Project ToolsVersion="4.0" xmlns="http://schemas.microsoft.com/developer/msbuild/2003">
  <ItemGroup>
    <Filter Include="Source Files">
      <UniqueIdentifier>{87cec4a7-66a2-4be0-8be9-70fb1a633cd5}</UniqueIdentifier>
      <Extensions>cpp;c;cxx;rc;def;r;odl;idl;hpj;bat</Extensions>
    </Filter>
    <Filter Include="Header Files">
      <UniqueIdentifier>{8c797e6c-c31b-497d-b23e-811a99d4b8bd}</UniqueIdentifier>
      <Extensions>h;hpp;hxx;hm;inl</Extensions>
    </Filter>
    <Filter Include="Resource Files">
      <UniqueIdentifier>{36f4cc73-c25c-4787-9d8b-88727267fa16}</UniqueIdentifier>
      <Extensions>ico;cur;bmp;dlg;rc2;rct;bin;rgs;gif;jpg;jpeg;jpe</Extensions>
    </Filter>
    <Filter Include="Lib">
      <UniqueIdentifier>{c01b4ae2-76f7-4fb9-8401-aef0a51bf521}</UniqueIdentifier>
    </Filter>
    <Filter Include="Lib\Release">
      <UniqueIdentifier>{a24c0534-2533-4bbf-b7b9-aea5ebb728de}</UniqueIdentifier>
    </Filter>
    <Filter Include="Lib\debug">
      <UniqueIdentifier>{754329bf-9b8f-46e9-a5a7-9a73da99f84a}</UniqueIdentifier>
    </Filter>
  </ItemGroup>
  <ItemGroup>
    <ClCompile Include="AnnuncePanel.cpp">
      <Filter>Source Files</Filter>
    </ClCompile>
    <ClCompile Include="Autoupdate.cpp">
      <Filter>Source Files</Filter>
    </ClCompile>
    <ClCompile Include="AutoupdateDlg.cpp">
      <Filter>Source Files</Filter>
    </ClCompile>
    <ClCompile Include="BitMapProgress.cpp">
      <Filter>Source Files</Filter>
    </ClCompile>
    <ClCompile Include="CQChildStatic.cpp">
      <Filter>Source Files</Filter>
    </ClCompile>
    <ClCompile Include="CQImageButton.cpp">
      <Filter>Source Files</Filter>
    </ClCompile>
    <ClCompile Include="CQStatic.cpp">
      <Filter>Source Files</Filter>
    </ClCompile>
    <ClCompile Include="DefaultProcess.cpp">
      <Filter>Source Files</Filter>
    </ClCompile>
    <ClCompile Include="GameOptionPanel.cpp">
      <Filter>Source Files</Filter>
    </ClCompile>
    <ClCompile Include="GdipButton.cpp">
      <Filter>Source Files</Filter>
    </ClCompile>
    <ClCompile Include="HyperlinkStatic.cpp">
      <Filter>Source Files</Filter>
    </ClCompile>
    <ClCompile Include="ItermProcess.cpp">
      <Filter>Source Files</Filter>
    </ClCompile>
    <ClCompile Include="ItermProcessTypeCheck.cpp">
      <Filter>Source Files</Filter>
    </ClCompile>
    <ClCompile Include="lientGameOptionProcess.cpp">
      <Filter>Source Files</Filter>
    </ClCompile>
    <ClCompile Include="RecordProcess.cpp">
      <Filter>Source Files</Filter>
    </ClCompile>
    <ClCompile Include="SiteDlg.cpp">
      <Filter>Source Files</Filter>
    </ClCompile>
    <ClCompile Include="StartDlg.cpp">
      <Filter>Source Files</Filter>
    </ClCompile>
    <ClCompile Include="StdAfx.cpp">
      <Filter>Source Files</Filter>
    </ClCompile>
    <ClCompile Include="webbrowser2.cpp">
      <Filter>Source Files</Filter>
    </ClCompile>
  </ItemGroup>
  <ItemGroup>
    <ResourceCompile Include="Autoupdate.rc">
      <Filter>Source Files</Filter>
    </ResourceCompile>
  </ItemGroup>
  <ItemGroup>
    <ClInclude Include="AnnuncePanel.h">
      <Filter>Header Files</Filter>
    </ClInclude>
    <ClInclude Include="Autoupdate.h">
      <Filter>Header Files</Filter>
    </ClInclude>
    <ClInclude Include="AutoupdateDlg.h">
      <Filter>Header Files</Filter>
    </ClInclude>
    <ClInclude Include="AutoUpdateRes.h">
      <Filter>Header Files</Filter>
    </ClInclude>
    <ClInclude Include="BitMapProgress.h">
      <Filter>Header Files</Filter>
    </ClInclude>
    <ClInclude Include="CGdiPlusBitmap.h">
      <Filter>Header Files</Filter>
    </ClInclude>
    <ClInclude Include="CQChildStatic.h">
      <Filter>Header Files</Filter>
    </ClInclude>
    <ClInclude Include="CQImageButton.h">
      <Filter>Header Files</Filter>
    </ClInclude>
    <ClInclude Include="CQStatic.h">
      <Filter>Header Files</Filter>
    </ClInclude>
    <ClInclude Include="DefaultProcess.h">
      <Filter>Header Files</Filter>
    </ClInclude>
    <ClInclude Include="GameOptionPanel.h">
      <Filter>Header Files</Filter>
    </ClInclude>
    <ClInclude Include="GdipButton.h">
      <Filter>Header Files</Filter>
    </ClInclude>
    <ClInclude Include="ItermProcess.h">
      <Filter>Header Files</Filter>
    </ClInclude>
    <ClInclude Include="ItermProcessTypeCheck.h">
      <Filter>Header Files</Filter>
    </ClInclude>
    <ClInclude Include="lientGameOptionProcess.h">
      <Filter>Header Files</Filter>
    </ClInclude>
    <ClInclude Include="MemDC.h">
      <Filter>Header Files</Filter>
    </ClInclude>
    <ClInclude Include="RecordProcess.h">
      <Filter>Header Files</Filter>
    </ClInclude>
    <ClInclude Include="Resource.h">
      <Filter>Header Files</Filter>
    </ClInclude>
    <ClInclude Include="SiteDlg.h">
      <Filter>Header Files</Filter>
    </ClInclude>
    <ClInclude Include="StartDlg.h">
      <Filter>Header Files</Filter>
    </ClInclude>
    <ClInclude Include="StdAfx.h">
      <Filter>Header Files</Filter>
    </ClInclude>
    <ClInclude Include="webbrowser2.h">
      <Filter>Header Files</Filter>
    </ClInclude>
  </ItemGroup>
  <ItemGroup>
    <Image Include="res\1.bmp">
      <Filter>Resource Files</Filter>
    </Image>
    <Image Include="res\3.BMP">
      <Filter>Resource Files</Filter>
    </Image>
    <Image Include="res\autoupdateback.bmp">
      <Filter>Resource Files</Filter>
    </Image>
    <Image Include="res\bitmap2.bmp">
      <Filter>Resource Files</Filter>
    </Image>
    <Image Include="res\card.png">
      <Filter>Resource Files</Filter>
    </Image>
    <Image Include="res\config.png">
      <Filter>Resource Files</Filter>
    </Image>
    <Image Include="res\exitu.png">
      <Filter>Resource Files</Filter>
    </Image>
    <Image Include="res\icon.ico">
      <Filter>Resource Files</Filter>
    </Image>
    <Image Include="res\Jules-Asner.bmp">
      <Filter>Resource Files</Filter>
    </Image>
    <Image Include="play.bmp">
      <Filter>Resource Files</Filter>
    </Image>
    <Image Include="res\play.png">
      <Filter>Resource Files</Filter>
    </Image>
    <Image Include="res\probar.bmp">
      <Filter>Resource Files</Filter>
    </Image>
    <Image Include="res\probar.png">
      <Filter>Resource Files</Filter>
    </Image>
    <Image Include="res\reg.png">
      <Filter>Resource Files</Filter>
    </Image>
    <Image Include="res\retry.png">
      <Filter>Resource Files</Filter>
    </Image>
    <Image Include="res\rungame.png">
      <Filter>Resource Files</Filter>
    </Image>
    <Image Include="res\update.png">
      <Filter>Resource Files</Filter>
    </Image>
    <Image Include="res\ÐÂµÄÉý¼¶³ÌÐò_ÌáÊ¾ÏÂÔØ_µ×Í¼.bmp">
      <Filter>Resource Files</Filter>
    </Image>
  </ItemGroup>
  <ItemGroup>
    <Library Include="..\..\Lib\release\engine.lib">
      <Filter>Lib\Release</Filter>
    </Library>
    <Library Include="..\..\Lib\debug\engine.lib">
      <Filter>Lib\debug</Filter>
    </Library>
  </ItemGroup>
  <ItemGroup>
    <Text Include="HamJX.txt" />
    <Text Include="ReadMe.txt" />
  </ItemGroup>
  <ItemGroup>
    <CustomBuild Include="res\png1.bin">
      <Filter>Resource Files</Filter>
    </CustomBuild>
  </ItemGroup>
</Project>