<?xml version="1.0" encoding="utf-8"?>
<Project ToolsVersion="4.0" xmlns="http://schemas.microsoft.com/developer/msbuild/2003">
  <ItemGroup>
    <Filter Include="Source Files">
      <UniqueIdentifier>{0bc1ab0a-9df4-4862-aac1-31537de3bd39}</UniqueIdentifier>
      <Extensions>cpp;c;cxx;rc;def;r;odl;idl;hpj;bat</Extensions>
    </Filter>
    <Filter Include="Header Files">
      <UniqueIdentifier>{a866dc09-b471-4437-9805-00729fa3ba33}</UniqueIdentifier>
      <Extensions>h;hpp;hxx;hm;inl</Extensions>
    </Filter>
    <Filter Include="Resource Files">
      <UniqueIdentifier>{e26cd5e6-1f8a-466c-a2db-d204140a3287}</UniqueIdentifier>
      <Extensions>ico;cur;bmp;dlg;rc2;rct;bin;rgs;gif;jpg;jpeg;jpe</Extensions>
    </Filter>
    <Filter Include="Lib">
      <UniqueIdentifier>{b37da444-6a6d-4e0e-8e60-ea640eb0ed52}</UniqueIdentifier>
    </Filter>
    <Filter Include="Lib\debug">
      <UniqueIdentifier>{a0042c6b-fd60-49cc-a6eb-24f49160c45f}</UniqueIdentifier>
    </Filter>
    <Filter Include="Lib\release">
      <UniqueIdentifier>{e3b26169-b4dd-4223-ba2e-506e89ad408e}</UniqueIdentifier>
    </Filter>
  </ItemGroup>
  <ItemGroup>
    <ClCompile Include="FilterTextLib.cpp">
      <Filter>Source Files</Filter>
    </ClCompile>
    <ClCompile Include="GameServer.cpp">
      <Filter>Source Files</Filter>
    </ClCompile>
    <ClCompile Include="KSOServer.cpp">
      <Filter>Source Files</Filter>
    </ClCompile>
    <ClCompile Include="KTransferUnit.cpp">
      <Filter>Source Files</Filter>
    </ClCompile>
    <ClCompile Include="StdAfx.cpp">
      <Filter>Source Files</Filter>
    </ClCompile>
  </ItemGroup>
  <ItemGroup>
    <ClInclude Include="FilterTextLib.h">
      <Filter>Header Files</Filter>
    </ClInclude>
    <ClInclude Include="..\..\..\Headers\KRelayProtocol.h">
      <Filter>Header Files</Filter>
    </ClInclude>
    <ClInclude Include="KSOServer.h">
      <Filter>Header Files</Filter>
    </ClInclude>
    <ClInclude Include="KTransferUnit.h">
      <Filter>Header Files</Filter>
    </ClInclude>
    <ClInclude Include="StdAfx.h">
      <Filter>Header Files</Filter>
    </ClInclude>
    <ClInclude Include="GameServerLog.h">
      <Filter>Header Files</Filter>
    </ClInclude>
  </ItemGroup>
  <ItemGroup>
    <Image Include="bebo_16.ico">
      <Filter>Resource Files</Filter>
    </Image>
    <Image Include="bebo_321.ico">
      <Filter>Resource Files</Filter>
    </Image>
    <Image Include="gamespot_16.ico">
      <Filter>Resource Files</Filter>
    </Image>
    <Image Include="gamespot_32.ico">
      <Filter>Resource Files</Filter>
    </Image>
  </ItemGroup>
  <ItemGroup>
    <ResourceCompile Include="GameServer.rc">
      <Filter>Resource Files</Filter>
    </ResourceCompile>
  </ItemGroup>
  <ItemGroup>
    <Text Include="ReadMe.txt" />
  </ItemGroup>
</Project>